
Microsoft Visual Studio Solution File, Format Version 12.00
# Visual Studio Version 16
VisualStudioVersion = 16.0.31129.286
MinimumVisualStudioVersion = 10.0.40219.1
Project("{FAE04EC0-301F-11D3-BF4B-00C04F79EFBC}") = "XYZLine", "XYZLine\XYZLine.csproj", "{AD067879-2906-4B3F-A952-A10C46B4F7C7}"
EndProject
Global
	GlobalSection(SolutionConfigurationPlatforms) = preSolution
		Debug|Any CPU = Debug|Any CPU
		Release|Any CPU = Release|Any CPU
	EndGlobalSection
	GlobalSection(ProjectConfigurationPlatforms) = postSolution
		{AD067879-2906-4B3F-A952-A10C46B4F7C7}.Debug|Any CPU.ActiveCfg = Debug|Any CPU
		{AD067879-2906-4B3F-A952-A10C46B4F7C7}.Debug|Any CPU.Build.0 = Debug|Any CPU
		{AD067879-2906-4B3F-A952-A10C46B4F7C7}.Release|Any CPU.ActiveCfg = Release|Any CPU
		{AD067879-2906-4B3F-A952-A10C46B4F7C7}.Release|Any CPU.Build.0 = Release|Any CPU
	EndGlobalSection
	GlobalSection(SolutionProperties) = preSolution
		HideSolutionNode = FALSE
	EndGlobalSection
	GlobalSection(ExtensibilityGlobals) = postSolution
		SolutionGuid = {803B2FEA-117D-4395-A07A-4EF75AAE5F5D}
	EndGlobalSection
EndGlobal
